
Microsoft Visual Studio Solution File, Format Version 12.00
# Visual Studio Version 17
VisualStudioVersion = 17.11.35327.3
MinimumVisualStudioVersion = 10.0.40219.1
Project("{FAE04EC0-301F-11D3-BF4B-00C04F79EFBC}") = "MixVel", "MixVel\MixVel.csproj", "{E7A80F22-96D5-4ECC-A6A6-4363407FAAEA}"
EndProject
Global
	GlobalSection(SolutionConfigurationPlatforms) = preSolution
		Debug|Any CPU = Debug|Any CPU
		Release|Any CPU = Release|Any CPU
	EndGlobalSection
	GlobalSection(ProjectConfigurationPlatforms) = postSolution
		{E7A80F22-96D5-4ECC-A6A6-4363407FAAEA}.Debug|Any CPU.ActiveCfg = Debug|Any CPU
		{E7A80F22-96D5-4ECC-A6A6-4363407FAAEA}.Debug|Any CPU.Build.0 = Debug|Any CPU
		{E7A80F22-96D5-4ECC-A6A6-4363407FAAEA}.Release|Any CPU.ActiveCfg = Release|Any CPU
		{E7A80F22-96D5-4ECC-A6A6-4363407FAAEA}.Release|Any CPU.Build.0 = Release|Any CPU
	EndGlobalSection
	GlobalSection(SolutionProperties) = preSolution
		HideSolutionNode = FALSE
	EndGlobalSection
	GlobalSection(ExtensibilityGlobals) = postSolution
		SolutionGuid = {7DF57DEA-8E92-416B-B180-5FA2F73FACC1}
	EndGlobalSection
EndGlobal
